{
  "lockfileVersion": 1,
  "configVersion": 1,
  "workspaces": {
    "": {
      "devDependencies": {
        "prettier": "^3.9.6",
        "prettier-plugin-jinja-template": "^2.2.0",
      },
    },
  },
  "packages": {
    "prettier": ["prettier@3.9.6", "", { "bin": { "prettier": "bin/prettier.cjs" } }, "sha512-OpN0zzVdiaiAhxpuuj5efpIS4sY9j7bY6uR5mnj5yPzGkdkjNKSJeUThPb60Jw29QuAZgA4o+/iB49kFiaBX6g=="],

    "prettier-plugin-jinja-template": ["prettier-plugin-jinja-template@2.2.0", "", { "peerDependencies": { "prettier": "^3.0.0" } }, "sha512-FVZtWvSW8RKvHToWHgI9j1eau7t2mekYoVKg7GdDS16QVOYM8f08yzVptBUvSXKQR2xJAXCLi0rGGvJGFtCUrA=="],
  }
}
